
Microsoft Visual Studio Solution File, Format Version 12.00
# Visual Studio Version 17
VisualStudioVersion = 17.6.33829.357
MinimumVisualStudioVersion = 10.0.40219.1
Project("{FAE04EC0-301F-11D3-BF4B-00C04F79EFBC}") = "RazorCRUD", "RazorCRUD\RazorCRUD.csproj", "{EC6A37E9-F84E-4969-9CA4-58EBBC7E62AD}"
EndProject
Global
	GlobalSection(SolutionConfigurationPlatforms) = preSolution
		Debug|Any CPU = Debug|Any CPU
		Release|Any CPU = Release|Any CPU
	EndGlobalSection
	GlobalSection(ProjectConfigurationPlatforms) = postSolution
		{EC6A37E9-F84E-4969-9CA4-58EBBC7E62AD}.Debug|Any CPU.ActiveCfg = Debug|Any CPU
		{EC6A37E9-F84E-4969-9CA4-58EBBC7E62AD}.Debug|Any CPU.Build.0 = Debug|Any CPU
		{EC6A37E9-F84E-4969-9CA4-58EBBC7E62AD}.Release|Any CPU.ActiveCfg = Release|Any CPU
		{EC6A37E9-F84E-4969-9CA4-58EBBC7E62AD}.Release|Any CPU.Build.0 = Release|Any CPU
	EndGlobalSection
	GlobalSection(SolutionProperties) = preSolution
		HideSolutionNode = FALSE
	EndGlobalSection
	GlobalSection(ExtensibilityGlobals) = postSolution
		SolutionGuid = {32789E8F-8800-4D89-A679-A09E34F6DD1C}
	EndGlobalSection
EndGlobal
